
Microsoft Visual Studio Solution File, Format Version 12.00
# Visual Studio Version 17
VisualStudioVersion = 17.4.33122.133
MinimumVisualStudioVersion = 10.0.40219.1
Project("{FAE04EC0-301F-11D3-BF4B-00C04F79EFBC}") = "News_aggregator.UWP", "News_aggregator.UWP\News_aggregator.UWP.csproj", "{97E62B00-31EC-48C0-998C-83D54ED2F000}"
EndProject
Project("{FAE04EC0-301F-11D3-BF4B-00C04F79EFBC}") = "News_aggregator.Android", "News_aggregator.Android\News_aggregator.Android.csproj", "{D714DB84-18F4-4AA1-8E13-CCF6BAE9C20F}"
EndProject
Project("{FAE04EC0-301F-11D3-BF4B-00C04F79EFBC}") = "News_aggregator.iOS", "News_aggregator.iOS\News_aggregator.iOS.csproj", "{4728FD71-221B-4BDC-86E0-78DE5337A32C}"
EndProject
Project("{9A19103F-16F7-4668-BE54-9A1E7A4F7556}") = "News_aggregator", "News_aggregator\News_aggregator.csproj", "{79865594-5B26-4C2F-93B2-68D09441CA3F}"
EndProject
Global
	GlobalSection(SolutionConfigurationPlatforms) = preSolution
		Debug|Any CPU = Debug|Any CPU
		Debug|ARM = Debug|ARM
		Debug|iPhone = Debug|iPhone
		Debug|iPhoneSimulator = Debug|iPhoneSimulator
		Debug|x64 = Debug|x64
		Debug|x86 = Debug|x86
		Release|Any CPU = Release|Any CPU
		Release|ARM = Release|ARM
		Release|iPhone = Release|iPhone
		Release|iPhoneSimulator = Release|iPhoneSimulator
		Release|x64 = Release|x64
		Release|x86 = Release|x86
	EndGlobalSection
	GlobalSection(ProjectConfigurationPlatforms) = postSolution
		{97E62B00-31EC-48C0-998C-83D54ED2F000}.Debug|Any CPU.ActiveCfg = Debug|x64
		{97E62B00-31EC-48C0-998C-83D54ED2F000}.Debug|Any CPU.Build.0 = Debug|x64
		{97E62B00-31EC-48C0-998C-83D54ED2F000}.Debug|Any CPU.Deploy.0 = Debug|x64
		{97E62B00-31EC-48C0-998C-83D54ED2F000}.Debug|ARM.ActiveCfg = Debug|ARM
		{97E62B00-31EC-48C0-998C-83D54ED2F000}.Debug|ARM.Build.0 = Debug|ARM
		{97E62B00-31EC-48C0-998C-83D54ED2F000}.Debug|ARM.Deploy.0 = Debug|ARM
		{97E62B00-31EC-48C0-998C-83D54ED2F000}.Debug|iPhone.ActiveCfg = Debug|x64
		{97E62B00-31EC-48C0-998C-83D54ED2F000}.Debug|iPhone.Build.0 = Debug|x64
		{97E62B00-31EC-48C0-998C-83D54ED2F000}.Debug|iPhone.Deploy.0 = Debug|x64
		{97E62B00-31EC-48C0-998C-83D54ED2F000}.Debug|iPhoneSimulator.ActiveCfg = Debug|x64
		{97E62B00-31EC-48C0-998C-83D54ED2F000}.Debug|iPhoneSimulator.Build.0 = Debug|x64
		{97E62B00-31EC-48C0-998C-83D54ED2F000}.Debug|iPhoneSimulator.Deploy.0 = Debug|x64
		{97E62B00-31EC-48C0-998C-83D54ED2F000}.Debug|x64.ActiveCfg = Debug|x64
		{97E62B00-31EC-48C0-998C-83D54ED2F000}.Debug|x64.Build.0 = Debug|x64
		{97E62B00-31EC-48C0-998C-83D54ED2F000}.Debug|x64.Deploy.0 = Debug|x64
		{97E62B00-31EC-48C0-998C-83D54ED2F000}.Debug|x86.ActiveCfg = Debug|x86
		{97E62B00-31EC-48C0-998C-83D54ED2F000}.Debug|x86.Build.0 = Debug|x86
		{97E62B00-31EC-48C0-998C-83D54ED2F000}.Debug|x86.Deploy.0 = Debug|x86
		{97E62B00-31EC-48C0-998C-83D54ED2F000}.Release|Any CPU.ActiveCfg = Release|x64
		{97E62B00-31EC-48C0-998C-83D54ED2F000}.Release|Any CPU.Build.0 = Release|x64
		{97E62B00-31EC-48C0-998C-83D54ED2F000}.Release|Any CPU.Deploy.0 = Release|x64
		{97E62B00-31EC-48C0-998C-83D54ED2F000}.Release|ARM.ActiveCfg = Release|ARM
		{97E62B00-31EC-48C0-998C-83D54ED2F000}.Release|ARM.Build.0 = Release|ARM
		{97E62B00-31EC-48C0-998C-83D54ED2F000}.Release|ARM.Deploy.0 = Release|ARM
		{97E62B00-31EC-48C0-998C-83D54ED2F000}.Release|iPhone.ActiveCfg = Release|x64
		{97E62B00-31EC-48C0-998C-83D54ED2F000}.Release|iPhone.Build.0 = Release|x64
		{97E62B00-31EC-48C0-998C-83D54ED2F000}.Release|iPhone.Deploy.0 = Release|x64
		{97E62B00-31EC-48C0-998C-83D54ED2F000}.Release|iPhoneSimulator.ActiveCfg = Release|x64
		{97E62B00-31EC-48C0-998C-83D54ED2F000}.Release|iPhoneSimulator.Build.0 = Release|x64
		{97E62B00-31EC-48C0-998C-83D54ED2F000}.Release|iPhoneSimulator.Deploy.0 = Release|x64
		{97E62B00-31EC-48C0-998C-83D54ED2F000}.Release|x64.ActiveCfg = Release|x64
		{97E62B00-31EC-48C0-998C-83D54ED2F000}.Release|x64.Build.0 = Release|x64
		{97E62B00-31EC-48C0-998C-83D54ED2F000}.Release|x64.Deploy.0 = Release|x64
		{97E62B00-31EC-48C0-998C-83D54ED2F000}.Release|x86.ActiveCfg = Release|x86
		{97E62B00-31EC-48C0-998C-83D54ED2F000}.Release|x86.Build.0 = Release|x86
		{97E62B00-31EC-48C0-998C-83D54ED2F000}.Release|x86.Deploy.0 = Release|x86
		{D714DB84-18F4-4AA1-8E13-CCF6BAE9C20F}.Debug|Any CPU.ActiveCfg = Debug|Any CPU
		{D714DB84-18F4-4AA1-8E13-CCF6BAE9C20F}.Debug|Any CPU.Build.0 = Debug|Any CPU
		{D714DB84-18F4-4AA1-8E13-CCF6BAE9C20F}.Debug|Any CPU.Deploy.0 = Debug|Any CPU
		{D714DB84-18F4-4AA1-8E13-CCF6BAE9C20F}.Debug|ARM.ActiveCfg = Debug|Any CPU
		{D714DB84-18F4-4AA1-8E13-CCF6BAE9C20F}.Debug|ARM.Build.0 = Debug|Any CPU
		{D714DB84-18F4-4AA1-8E13-CCF6BAE9C20F}.Debug|ARM.Deploy.0 = Debug|Any CPU
		{D714DB84-18F4-4AA1-8E13-CCF6BAE9C20F}.Debug|iPhone.ActiveCfg = Debug|Any CPU
		{D714DB84-18F4-4AA1-8E13-CCF6BAE9C20F}.Debug|iPhone.Build.0 = Debug|Any CPU
		{D714DB84-18F4-4AA1-8E13-CCF6BAE9C20F}.Debug|iPhone.Deploy.0 = Debug|Any CPU
		{D714DB84-18F4-4AA1-8E13-CCF6BAE9C20F}.Debug|iPhoneSimulator.ActiveCfg = Debug|Any CPU
		{D714DB84-18F4-4AA1-8E13-CCF6BAE9C20F}.Debug|iPhoneSimulator.Build.0 = Debug|Any CPU
		{D714DB84-18F4-4AA1-8E13-CCF6BAE9C20F}.Debug|iPhoneSimulator.Deploy.0 = Debug|Any CPU
		{D714DB84-18F4-4AA1-8E13-CCF6BAE9C20F}.Debug|x64.ActiveCfg = Debug|Any CPU
		{D714DB84-18F4-4AA1-8E13-CCF6BAE9C20F}.Debug|x64.Build.0 = Debug|Any CPU
		{D714DB84-18F4-4AA1-8E13-CCF6BAE9C20F}.Debug|x64.Deploy.0 = Debug|Any CPU
		{D714DB84-18F4-4AA1-8E13-CCF6BAE9C20F}.Debug|x86.ActiveCfg = Debug|Any CPU
		{D714DB84-18F4-4AA1-8E13-CCF6BAE9C20F}.Debug|x86.Build.0 = Debug|Any CPU
		{D714DB84-18F4-4AA1-8E13-CCF6BAE9C20F}.Debug|x86.Deploy.0 = Debug|Any CPU
		{D714DB84-18F4-4AA1-8E13-CCF6BAE9C20F}.Release|Any CPU.ActiveCfg = Release|Any CPU
		{D714DB84-18F4-4AA1-8E13-CCF6BAE9C20F}.Release|Any CPU.Build.0 = Release|Any CPU
		{D714DB84-18F4-4AA1-8E13-CCF6BAE9C20F}.Release|Any CPU.Deploy.0 = Release|Any CPU
		{D714DB84-18F4-4AA1-8E13-CCF6BAE9C20F}.Release|ARM.ActiveCfg = Release|Any CPU
		{D714DB84-18F4-4AA1-8E13-CCF6BAE9C20F}.Release|ARM.Build.0 = Release|Any CPU
		{D714DB84-18F4-4AA1-8E13-CCF6BAE9C20F}.Release|ARM.Deploy.0 = Release|Any CPU
		{D714DB84-18F4-4AA1-8E13-CCF6BAE9C20F}.Release|iPhone.ActiveCfg = Release|Any CPU
		{D714DB84-18F4-4AA1-8E13-CCF6BAE9C20F}.Release|iPhone.Build.0 = Release|Any CPU
		{D714DB84-18F4-4AA1-8E13-CCF6BAE9C20F}.Release|iPhone.Deploy.0 = Release|Any CPU
		{D714DB84-18F4-4AA1-8E13-CCF6BAE9C20F}.Release|iPhoneSimulator.ActiveCfg = Release|Any CPU
		{D714DB84-18F4-4AA1-8E13-CCF6BAE9C20F}.Release|iPhoneSimulator.Build.0 = Release|Any CPU
		{D714DB84-18F4-4AA1-8E13-CCF6BAE9C20F}.Release|iPhoneSimulator.Deploy.0 = Release|Any CPU
		{D714DB84-18F4-4AA1-8E13-CCF6BAE9C20F}.Release|x64.ActiveCfg = Release|Any CPU
		{D714DB84-18F4-4AA1-8E13-CCF6BAE9C20F}.Release|x64.Build.0 = Release|Any CPU
		{D714DB84-18F4-4AA1-8E13-CCF6BAE9C20F}.Release|x64.Deploy.0 = Release|Any CPU
		{D714DB84-18F4-4AA1-8E13-CCF6BAE9C20F}.Release|x86.ActiveCfg = Release|Any CPU
		{D714DB84-18F4-4AA1-8E13-CCF6BAE9C20F}.Release|x86.Build.0 = Release|Any CPU
		{D714DB84-18F4-4AA1-8E13-CCF6BAE9C20F}.Release|x86.Deploy.0 = Release|Any CPU
		{4728FD71-221B-4BDC-86E0-78DE5337A32C}.Debug|Any CPU.ActiveCfg = Debug|iPhoneSimulator
		{4728FD71-221B-4BDC-86E0-78DE5337A32C}.Debug|Any CPU.Build.0 = Debug|iPhoneSimulator
		{4728FD71-221B-4BDC-86E0-78DE5337A32C}.Debug|Any CPU.Deploy.0 = Debug|iPhoneSimulator
		{4728FD71-221B-4BDC-86E0-78DE5337A32C}.Debug|ARM.ActiveCfg = Debug|iPhoneSimulator
		{4728FD71-221B-4BDC-86E0-78DE5337A32C}.Debug|ARM.Build.0 = Debug|iPhoneSimulator
		{4728FD71-221B-4BDC-86E0-78DE5337A32C}.Debug|ARM.Deploy.0 = Debug|iPhoneSimulator
		{4728FD71-221B-4BDC-86E0-78DE5337A32C}.Debug|iPhone.ActiveCfg = Debug|iPhone
		{4728FD71-221B-4BDC-86E0-78DE5337A32C}.Debug|iPhone.Build.0 = Debug|iPhone
		{4728FD71-221B-4BDC-86E0-78DE5337A32C}.Debug|iPhone.Deploy.0 = Debug|iPhone
		{4728FD71-221B-4BDC-86E0-78DE5337A32C}.Debug|iPhoneSimulator.ActiveCfg = Debug|iPhoneSimulator
		{4728FD71-221B-4BDC-86E0-78DE5337A32C}.Debug|iPhoneSimulator.Build.0 = Debug|iPhoneSimulator
		{4728FD71-221B-4BDC-86E0-78DE5337A32C}.Debug|iPhoneSimulator.Deploy.0 = Debug|iPhoneSimulator
		{4728FD71-221B-4BDC-86E0-78DE5337A32C}.Debug|x64.ActiveCfg = Debug|iPhone
		{4728FD71-221B-4BDC-86E0-78DE5337A32C}.Debug|x64.Build.0 = Debug|iPhone
		{4728FD71-221B-4BDC-86E0-78DE5337A32C}.Debug|x64.Deploy.0 = Debug|iPhone
		{4728FD71-221B-4BDC-86E0-78DE5337A32C}.Debug|x86.ActiveCfg = Debug|iPhoneSimulator
		{4728FD71-221B-4BDC-86E0-78DE5337A32C}.Debug|x86.Build.0 = Debug|iPhoneSimulator
		{4728FD71-221B-4BDC-86E0-78DE5337A32C}.Debug|x86.Deploy.0 = Debug|iPhoneSimulator
		{4728FD71-221B-4BDC-86E0-78DE5337A32C}.Release|Any CPU.ActiveCfg = Release|iPhoneSimulator
		{4728FD71-221B-4BDC-86E0-78DE5337A32C}.Release|Any CPU.Build.0 = Release|iPhoneSimulator
		{4728FD71-221B-4BDC-86E0-78DE5337A32C}.Release|Any CPU.Deploy.0 = Release|iPhoneSimulator
		{4728FD71-221B-4BDC-86E0-78DE5337A32C}.Release|ARM.ActiveCfg = Release|iPhoneSimulator
		{4728FD71-221B-4BDC-86E0-78DE5337A32C}.Release|ARM.Build.0 = Release|iPhoneSimulator
		{4728FD71-221B-4BDC-86E0-78DE5337A32C}.Release|ARM.Deploy.0 = Release|iPhoneSimulator
		{4728FD71-221B-4BDC-86E0-78DE5337A32C}.Release|iPhone.ActiveCfg = Release|iPhone
		{4728FD71-221B-4BDC-86E0-78DE5337A32C}.Release|iPhone.Build.0 = Release|iPhone
		{4728FD71-221B-4BDC-86E0-78DE5337A32C}.Release|iPhone.Deploy.0 = Release|iPhone
		{4728FD71-221B-4BDC-86E0-78DE5337A32C}.Release|iPhoneSimulator.ActiveCfg = Release|iPhoneSimulator
		{4728FD71-221B-4BDC-86E0-78DE5337A32C}.Release|iPhoneSimulator.Build.0 = Release|iPhoneSimulator
		{4728FD71-221B-4BDC-86E0-78DE5337A32C}.Release|iPhoneSimulator.Deploy.0 = Release|iPhoneSimulator
		{4728FD71-221B-4BDC-86E0-78DE5337A32C}.Release|x64.ActiveCfg = Release|iPhoneSimulator
		{4728FD71-221B-4BDC-86E0-78DE5337A32C}.Release|x64.Build.0 = Release|iPhoneSimulator
		{4728FD71-221B-4BDC-86E0-78DE5337A32C}.Release|x64.Deploy.0 = Release|iPhoneSimulator
		{4728FD71-221B-4BDC-86E0-78DE5337A32C}.Release|x86.ActiveCfg = Release|iPhoneSimulator
		{4728FD71-221B-4BDC-86E0-78DE5337A32C}.Release|x86.Build.0 = Release|iPhoneSimulator
		{4728FD71-221B-4BDC-86E0-78DE5337A32C}.Release|x86.Deploy.0 = Release|iPhoneSimulator
		{79865594-5B26-4C2F-93B2-68D09441CA3F}.Debug|Any CPU.ActiveCfg = Debug|Any CPU
		{79865594-5B26-4C2F-93B2-68D09441CA3F}.Debug|Any CPU.Build.0 = Debug|Any CPU
		{79865594-5B26-4C2F-93B2-68D09441CA3F}.Debug|Any CPU.Deploy.0 = Debug|Any CPU
		{79865594-5B26-4C2F-93B2-68D09441CA3F}.Debug|ARM.ActiveCfg = Debug|Any CPU
		{79865594-5B26-4C2F-93B2-68D09441CA3F}.Debug|ARM.Build.0 = Debug|Any CPU
		{79865594-5B26-4C2F-93B2-68D09441CA3F}.Debug|ARM.Deploy.0 = Debug|Any CPU
		{79865594-5B26-4C2F-93B2-68D09441CA3F}.Debug|iPhone.ActiveCfg = Debug|Any CPU
		{79865594-5B26-4C2F-93B2-68D09441CA3F}.Debug|iPhone.Build.0 = Debug|Any CPU
		{79865594-5B26-4C2F-93B2-68D09441CA3F}.Debug|iPhone.Deploy.0 = Debug|Any CPU
		{79865594-5B26-4C2F-93B2-68D09441CA3F}.Debug|iPhoneSimulator.ActiveCfg = Debug|Any CPU
		{79865594-5B26-4C2F-93B2-68D09441CA3F}.Debug|iPhoneSimulator.Build.0 = Debug|Any CPU
		{79865594-5B26-4C2F-93B2-68D09441CA3F}.Debug|iPhoneSimulator.Deploy.0 = Debug|Any CPU
		{79865594-5B26-4C2F-93B2-68D09441CA3F}.Debug|x64.ActiveCfg = Debug|Any CPU
		{79865594-5B26-4C2F-93B2-68D09441CA3F}.Debug|x64.Build.0 = Debug|Any CPU
		{79865594-5B26-4C2F-93B2-68D09441CA3F}.Debug|x64.Deploy.0 = Debug|Any CPU
		{79865594-5B26-4C2F-93B2-68D09441CA3F}.Debug|x86.ActiveCfg = Debug|Any CPU
		{79865594-5B26-4C2F-93B2-68D09441CA3F}.Debug|x86.Build.0 = Debug|Any CPU
		{79865594-5B26-4C2F-93B2-68D09441CA3F}.Debug|x86.Deploy.0 = Debug|Any CPU
		{79865594-5B26-4C2F-93B2-68D09441CA3F}.Release|Any CPU.ActiveCfg = Release|Any CPU
		{79865594-5B26-4C2F-93B2-68D09441CA3F}.Release|Any CPU.Build.0 = Release|Any CPU
		{79865594-5B26-4C2F-93B2-68D09441CA3F}.Release|Any CPU.Deploy.0 = Release|Any CPU
		{79865594-5B26-4C2F-93B2-68D09441CA3F}.Release|ARM.ActiveCfg = Release|Any CPU
		{79865594-5B26-4C2F-93B2-68D09441CA3F}.Release|ARM.Build.0 = Release|Any CPU
		{79865594-5B26-4C2F-93B2-68D09441CA3F}.Release|ARM.Deploy.0 = Release|Any CPU
		{79865594-5B26-4C2F-93B2-68D09441CA3F}.Release|iPhone.ActiveCfg = Release|Any CPU
		{79865594-5B26-4C2F-93B2-68D09441CA3F}.Release|iPhone.Build.0 = Release|Any CPU
		{79865594-5B26-4C2F-93B2-68D09441CA3F}.Release|iPhone.Deploy.0 = Release|Any CPU
		{79865594-5B26-4C2F-93B2-68D09441CA3F}.Release|iPhoneSimulator.ActiveCfg = Release|Any CPU
		{79865594-5B26-4C2F-93B2-68D09441CA3F}.Release|iPhoneSimulator.Build.0 = Release|Any CPU
		{79865594-5B26-4C2F-93B2-68D09441CA3F}.Release|iPhoneSimulator.Deploy.0 = Release|Any CPU
		{79865594-5B26-4C2F-93B2-68D09441CA3F}.Release|x64.ActiveCfg = Release|Any CPU
		{79865594-5B26-4C2F-93B2-68D09441CA3F}.Release|x64.Build.0 = Release|Any CPU
		{79865594-5B26-4C2F-93B2-68D09441CA3F}.Release|x64.Deploy.0 = Release|Any CPU
		{79865594-5B26-4C2F-93B2-68D09441CA3F}.Release|x86.ActiveCfg = Release|Any CPU
		{79865594-5B26-4C2F-93B2-68D09441CA3F}.Release|x86.Build.0 = Release|Any CPU
		{79865594-5B26-4C2F-93B2-68D09441CA3F}.Release|x86.Deploy.0 = Release|Any CPU
	EndGlobalSection
	GlobalSection(SolutionProperties) = preSolution
		HideSolutionNode = FALSE
	EndGlobalSection
	GlobalSection(ExtensibilityGlobals) = postSolution
		SolutionGuid = {AB0C44FB-12B6-4DB8-8F99-3512B1DCDDDB}
	EndGlobalSection
EndGlobal
